{
  "pins" : [
    {
      "identity" : "kmm-viewmodel",
      "kind" : "remoteSourceControl",
      "location" : "https://github.com/rickclephas/KMM-ViewModel.git",
      "state" : {
        "revision" : "ee4a96b11cab114d0abb43acddcb9edbc75f922c",
        "version" : "1.0.0-ALPHA-4"
      }
    },
    {
      "identity" : "kmp-nativecoroutines",
      "kind" : "remoteSourceControl",
      "location" : "https://github.com/rickclephas/KMP-NativeCoroutines.git",
      "state" : {
        "branch" : "master",
        "revision" : "5012d81217e962e0174af9631a5a8d350ac97ec9"
      }
    },
    {
      "identity" : "navigation-stack-backport",
      "kind" : "remoteSourceControl",
      "location" : "https://github.com/lm/navigation-stack-backport",
      "state" : {
        "revision" : "7641abbba79be2cc2616413e7915d5f778784ecd",
        "version" : "1.0.0"
      }
    },
    {
      "identity" : "rxswift",
      "kind" : "remoteSourceControl",
      "location" : "https://github.com/ReactiveX/RxSwift.git",
      "state" : {
        "revision" : "b4307ba0b6425c0ba4178e138799946c3da594f8",
        "version" : "6.5.0"
      }
    }
  ],
  "version" : 2
}
